
Microsoft Visual Studio Solution File, Format Version 12.00
# Visual Studio Version 16
VisualStudioVersion = 16.0.28803.452
MinimumVisualStudioVersion = 10.0.40219.1
Project("{FAE04EC0-301F-11D3-BF4B-00C04F79EFBC}") = "ConsoleRun", "ConsoleRun\ConsoleRun.csproj", "{408A00B8-99D4-4B68-866D-27B6DD0BAA3E}"
EndProject
Project("{FAE04EC0-301F-11D3-BF4B-00C04F79EFBC}") = "Entities", "Entities\Entities.csproj", "{185BC87E-2D4C-48AF-A283-3AFD446E6860}"
EndProject
Project("{FAE04EC0-301F-11D3-BF4B-00C04F79EFBC}") = "DataAccess", "DataAccess\DataAccess.csproj", "{D58B41E3-3A56-46F0-963F-39F8832A7D30}"
EndProject
Project("{FAE04EC0-301F-11D3-BF4B-00C04F79EFBC}") = "DataAccess.Connection", "DataAccess.Connection.SqlServer\DataAccess.Connection.csproj", "{77090F4F-DCF9-4EFC-BAD2-B3F4BC1DF3A0}"
EndProject
Global
	GlobalSection(SolutionConfigurationPlatforms) = preSolution
		Debug|Any CPU = Debug|Any CPU
		Release|Any CPU = Release|Any CPU
	EndGlobalSection
	GlobalSection(ProjectConfigurationPlatforms) = postSolution
		{408A00B8-99D4-4B68-866D-27B6DD0BAA3E}.Debug|Any CPU.ActiveCfg = Debug|Any CPU
		{408A00B8-99D4-4B68-866D-27B6DD0BAA3E}.Debug|Any CPU.Build.0 = Debug|Any CPU
		{408A00B8-99D4-4B68-866D-27B6DD0BAA3E}.Release|Any CPU.ActiveCfg = Release|Any CPU
		{408A00B8-99D4-4B68-866D-27B6DD0BAA3E}.Release|Any CPU.Build.0 = Release|Any CPU
		{185BC87E-2D4C-48AF-A283-3AFD446E6860}.Debug|Any CPU.ActiveCfg = Debug|Any CPU
		{185BC87E-2D4C-48AF-A283-3AFD446E6860}.Debug|Any CPU.Build.0 = Debug|Any CPU
		{185BC87E-2D4C-48AF-A283-3AFD446E6860}.Release|Any CPU.ActiveCfg = Release|Any CPU
		{185BC87E-2D4C-48AF-A283-3AFD446E6860}.Release|Any CPU.Build.0 = Release|Any CPU
		{D58B41E3-3A56-46F0-963F-39F8832A7D30}.Debug|Any CPU.ActiveCfg = Debug|Any CPU
		{D58B41E3-3A56-46F0-963F-39F8832A7D30}.Debug|Any CPU.Build.0 = Debug|Any CPU
		{D58B41E3-3A56-46F0-963F-39F8832A7D30}.Release|Any CPU.ActiveCfg = Release|Any CPU
		{D58B41E3-3A56-46F0-963F-39F8832A7D30}.Release|Any CPU.Build.0 = Release|Any CPU
		{77090F4F-DCF9-4EFC-BAD2-B3F4BC1DF3A0}.Debug|Any CPU.ActiveCfg = Debug|Any CPU
		{77090F4F-DCF9-4EFC-BAD2-B3F4BC1DF3A0}.Debug|Any CPU.Build.0 = Debug|Any CPU
		{77090F4F-DCF9-4EFC-BAD2-B3F4BC1DF3A0}.Release|Any CPU.ActiveCfg = Release|Any CPU
		{77090F4F-DCF9-4EFC-BAD2-B3F4BC1DF3A0}.Release|Any CPU.Build.0 = Release|Any CPU
	EndGlobalSection
	GlobalSection(SolutionProperties) = preSolution
		HideSolutionNode = FALSE
	EndGlobalSection
	GlobalSection(ExtensibilityGlobals) = postSolution
		SolutionGuid = {C3646073-5918-4428-BFDA-CAD5A1DDC601}
	EndGlobalSection
EndGlobal
